
Microsoft Visual Studio Solution File, Format Version 12.00
# Visual Studio 15
VisualStudioVersion = 15.0.27130.2024
MinimumVisualStudioVersion = 10.0.40219.1
Project("{9A19103F-16F7-4668-BE54-9A1E7A4F7556}") = "Mustache.Reports.Domain", "Mustache.Reports.Domain\Mustache.Reports.Domain.csproj", "{E438CA19-2C9E-4837-91B5-FEE717209C44}"
EndProject
Project("{9A19103F-16F7-4668-BE54-9A1E7A4F7556}") = "Mustache.Reports.Data", "Mustache.Reports.Data\Mustache.Reports.Data.csproj", "{FB1E98EF-78A5-464F-867D-D8B3E8E78E3D}"
EndProject
Project("{FAE04EC0-301F-11D3-BF4B-00C04F79EFBC}") = "Mustache.Reports.Domain.Tests", "Mustache.Reports.Domain.Tests\Mustache.Reports.Domain.Tests.csproj", "{B4B8D95A-BB64-4CBB-B5E3-59EAEAE2BAFC}"
EndProject
Global
	GlobalSection(SolutionConfigurationPlatforms) = preSolution
		Debug|Any CPU = Debug|Any CPU
		Release|Any CPU = Release|Any CPU
	EndGlobalSection
	GlobalSection(ProjectConfigurationPlatforms) = postSolution
		{E438CA19-2C9E-4837-91B5-FEE717209C44}.Debug|Any CPU.ActiveCfg = Debug|Any CPU
		{E438CA19-2C9E-4837-91B5-FEE717209C44}.Debug|Any CPU.Build.0 = Debug|Any CPU
		{E438CA19-2C9E-4837-91B5-FEE717209C44}.Release|Any CPU.ActiveCfg = Release|Any CPU
		{E438CA19-2C9E-4837-91B5-FEE717209C44}.Release|Any CPU.Build.0 = Release|Any CPU
		{FB1E98EF-78A5-464F-867D-D8B3E8E78E3D}.Debug|Any CPU.ActiveCfg = Debug|Any CPU
		{FB1E98EF-78A5-464F-867D-D8B3E8E78E3D}.Debug|Any CPU.Build.0 = Debug|Any CPU
		{FB1E98EF-78A5-464F-867D-D8B3E8E78E3D}.Release|Any CPU.ActiveCfg = Release|Any CPU
		{FB1E98EF-78A5-464F-867D-D8B3E8E78E3D}.Release|Any CPU.Build.0 = Release|Any CPU
		{B4B8D95A-BB64-4CBB-B5E3-59EAEAE2BAFC}.Debug|Any CPU.ActiveCfg = Debug|Any CPU
		{B4B8D95A-BB64-4CBB-B5E3-59EAEAE2BAFC}.Debug|Any CPU.Build.0 = Debug|Any CPU
		{B4B8D95A-BB64-4CBB-B5E3-59EAEAE2BAFC}.Release|Any CPU.ActiveCfg = Release|Any CPU
		{B4B8D95A-BB64-4CBB-B5E3-59EAEAE2BAFC}.Release|Any CPU.Build.0 = Release|Any CPU
	EndGlobalSection
	GlobalSection(SolutionProperties) = preSolution
		HideSolutionNode = FALSE
	EndGlobalSection
	GlobalSection(ExtensibilityGlobals) = postSolution
		SolutionGuid = {E1EA986C-6192-4B3D-B3F4-FB7B56D65E34}
	EndGlobalSection
EndGlobal
